github.com/dimchansky/utfbom v1.1.1 h1:vV6w1AhK4VMnhBno/TPVCoK9U/LP0PkLCS9tbxHdi/U=
github.com/dimchansky/utfbom v1.1.1/go.mod h1:SxdoEBH5qIqFocHMyGOXVAybYJdr71b1Q/j0mACtrfE=
github.com/klauspost/compress v1.17.11 h1:In6xLpyWOi1+C7tXUUWv2ot1QvBjxevKAaI6IXrJmUc=
github.com/klauspost/compress v1.17.11/go.mod h1:pMDklpSncoRMuLFrf1W9Ss9KT+0rH90U12bZKk7uwG0=
github.com/paulmach/go.geojson v1.5.0 h1:7mhpMK89SQdHFcEGomT7/LuJhwhEgfmpWYVlVmLEdQw=
github.com/paulmach/go.geojson v1.5.0/go.mod h1:DgdUy2rRVDDVgKqrjMe2vZAHMfhDTrjVKt3LmHIXGbU=
github.com/public-transport/gtfsparser v0.0.0-20250626090333-2bf889a1519c h1:ECS9X30OhhoLp9MMG9esuOOLAnza3yC0P3JiDFax07M=
github.com/public-transport/gtfsparser v0.0.0-20250626090333-2bf889a1519c/go.mod h1:WjAkhbrI3szwAlvRXjvyby3WO0yan8OUwayYuFURdmU=
github.com/public-transport/gtfswriter v0.0.0-20250531182842-8c0b4fbcffb4 h1:5dOnbkbDBzIvgOjpBZ7812FBFFhB672l9CW2eVavAdo=
github.com/public-transport/gtfswriter v0.0.0-20250531182842-8c0b4fbcffb4/go.mod h1:jgQC4QV51OCw74wZ9bzva7sqSWpRTF4G/yp2XkTelqk=
github.com/public-transport/gtfswriter v0.0.0-20250714015228-e220ba32ce34 h1:MrwrdVqu6of0sG59Zqik4qDbbTJfr2q3RrPQejrn9NI=
github.com/public-transport/gtfswriter v0.0.0-20250714015228-e220ba32ce34/go.mod h1:jgQC4QV51OCw74wZ9bzva7sqSWpRTF4G/yp2XkTelqk=
github.com/spf13/pflag v1.0.5 h1:iy+VFUOCP1a+8yFto/drg2CJ5u0yRoB7fZw3DKv/JXA=
github.com/spf13/pflag v1.0.5/go.mod h1:McXfInJRrz4CZXVZOBLb0bTZqETkiAhM9Iw0y3An2Bg=
github.com/twotwotwo/sorts v0.0.0-20160814051341-bf5c1f2b8553 h1:DRC1ubdb3ZmyyIeCSTxjZIQAnpLPfKVgYrLETQuOPjo=
github.com/twotwotwo/sorts v0.0.0-20160814051341-bf5c1f2b8553/go.mod h1:Rj7Csq/tZ/egz+Ltc2IVpsA5309AmSMEswjkTZmq2Xc=
github.com/valyala/fastjson v1.6.4 h1:uAUNq9Z6ymTgGhcm0UynUAB6tlbakBrz6CQFax3BXVQ=
github.com/valyala/fastjson v1.6.4/go.mod h1:CLCAqky6SMuOcxStkYQvblddUtoRxhYMGLrsQns1aXY=
golang.org/x/text v0.21.0 h1:zyQAAkrwaneQ066sspRyJaG9VNi/YJ1NfzcGB3hZ/qo=
golang.org/x/text v0.21.0/go.mod h1:4IBbMaMmOPCJ8SecivzSH54+73PCFmPWxNTLm+vZkEQ=
