github.com/klauspost/compress v1.17.8 h1:YcnTYrq7MikUT7k0Yb5eceMmALQPYBW/Xltxn0NAMnU=
github.com/klauspost/compress v1.17.8/go.mod h1:Di0epgTjJY877eYKx5yC51cX2A2Vl2ibi7bDH9ttBbw=
github.com/paulmach/go.geojson v1.5.0 h1:7mhpMK89SQdHFcEGomT7/LuJhwhEgfmpWYVlVmLEdQw=
github.com/paulmach/go.geojson v1.5.0/go.mod h1:DgdUy2rRVDDVgKqrjMe2vZAHMfhDTrjVKt3LmHIXGbU=
github.com/public-transport/gtfsparser v0.0.0-20240507191344-de2ad8714a5b h1:jmvEWomVRNUJ6elr1ecqgIaRmz49FTY+aB0lAGZqorM=
github.com/public-transport/gtfsparser v0.0.0-20240507191344-de2ad8714a5b/go.mod h1:VMH9/q8veNNZb7LLSQwLBLaQaab79LtyU6kx3P+b48Q=
github.com/public-transport/gtfswriter v0.0.0-20240507191638-ca679763c20e h1:uBYeFVmZOoURpBrQKjHQPX+XuGKnNXQT26sSv907JFQ=
github.com/public-transport/gtfswriter v0.0.0-20240507191638-ca679763c20e/go.mod h1:WfPlEpeemX5cnhw/jsIlDf8WIopfOUKToKCGePyLJEY=
github.com/spf13/pflag v1.0.5 h1:iy+VFUOCP1a+8yFto/drg2CJ5u0yRoB7fZw3DKv/JXA=
github.com/spf13/pflag v1.0.5/go.mod h1:McXfInJRrz4CZXVZOBLb0bTZqETkiAhM9Iw0y3An2Bg=
github.com/valyala/fastjson v1.6.4 h1:uAUNq9Z6ymTgGhcm0UynUAB6tlbakBrz6CQFax3BXVQ=
github.com/valyala/fastjson v1.6.4/go.mod h1:CLCAqky6SMuOcxStkYQvblddUtoRxhYMGLrsQns1aXY=
golang.org/x/exp v0.0.0-20240506185415-9bf2ced13842 h1:vr/HnozRka3pE4EsMEg1lgkXJkTFJCVUX+S/ZT6wYzM=
golang.org/x/exp v0.0.0-20240506185415-9bf2ced13842/go.mod h1:XtvwrStGgqGPLc4cjQfWqZHG1YFdYs6swckp8vpsjnc=
